// !$*UTF8*$!
{
	archiveVersion = 1;
	classes = {
	};
	objectVersion = 46;
	objects = {

/* Begin PBXBuildFile section */
		5475895CBF413626175224CE /* libPods-Class-ification.a in Frameworks */ = {isa = PBXBuildFile; fileRef = 031F1D9F7575A15AE0A33221 /* libPods-Class-ification.a */; };
		F151A59F1AF3F38700D1307B /* CoreGraphics.framework in Frameworks */ = {isa = PBXBuildFile; fileRef = F151A59E1AF3F38700D1307B /* CoreGraphics.framework */; };
		F151A5A11AF3F39000D1307B /* UIKit.framework in Frameworks */ = {isa = PBXBuildFile; fileRef = F151A5A01AF3F39000D1307B /* UIKit.framework */; };
		F151A5A31AF3F39800D1307B /* Foundation.framework in Frameworks */ = {isa = PBXBuildFile; fileRef = F151A5A21AF3F39800D1307B /* Foundation.framework */; };
		F151A5DC1AF3FCFF00D1307B /* HomePageViewController.swift in Sources */ = {isa = PBXBuildFile; fileRef = F151A5DB1AF3FCFF00D1307B /* HomePageViewController.swift */; };
		F151A5DE1AF40AC400D1307B /* PrizesViewController.swift in Sources */ = {isa = PBXBuildFile; fileRef = F151A5DD1AF40AC400D1307B /* PrizesViewController.swift */; };
		F151A5E01AF40BB900D1307B /* Prize.swift in Sources */ = {isa = PBXBuildFile; fileRef = F151A5DF1AF40BB900D1307B /* Prize.swift */; };
		F15967851AF5382A0022A2B5 /* QuestionViewController.swift in Sources */ = {isa = PBXBuildFile; fileRef = F15967841AF5382A0022A2B5 /* QuestionViewController.swift */; };
		F161891C1AF9910100BE6A01 /* CircularTimer.m in Sources */ = {isa = PBXBuildFile; fileRef = F161891B1AF9910100BE6A01 /* CircularTimer.m */; };
		F161891F1AF9996800BE6A01 /* MultipleChoiceAnswerTableViewCell.swift in Sources */ = {isa = PBXBuildFile; fileRef = F161891E1AF9996800BE6A01 /* MultipleChoiceAnswerTableViewCell.swift */; };
		F16189211AF99BF300BE6A01 /* Question.swift in Sources */ = {isa = PBXBuildFile; fileRef = F16189201AF99BF300BE6A01 /* Question.swift */; };
		F17121221ADB601D00A5F7D2 /* AppDelegate.swift in Sources */ = {isa = PBXBuildFile; fileRef = F17121211ADB601D00A5F7D2 /* AppDelegate.swift */; };
		F17121241ADB601D00A5F7D2 /* StandingsViewController.swift in Sources */ = {isa = PBXBuildFile; fileRef = F17121231ADB601D00A5F7D2 /* StandingsViewController.swift */; };
		F17121271ADB601D00A5F7D2 /* Main.storyboard in Resources */ = {isa = PBXBuildFile; fileRef = F17121251ADB601D00A5F7D2 /* Main.storyboard */; };
		F17121291ADB601D00A5F7D2 /* Images.xcassets in Resources */ = {isa = PBXBuildFile; fileRef = F17121281ADB601D00A5F7D2 /* Images.xcassets */; };
		F171212C1ADB601D00A5F7D2 /* LaunchScreen.xib in Resources */ = {isa = PBXBuildFile; fileRef = F171212A1ADB601D00A5F7D2 /* LaunchScreen.xib */; };
		F17121381ADB601D00A5F7D2 /* Class_ificationTests.swift in Sources */ = {isa = PBXBuildFile; fileRef = F17121371ADB601D00A5F7D2 /* Class_ificationTests.swift */; };
		F1D782B21AF423A100C65A02 /* ChallengeViewController.swift in Sources */ = {isa = PBXBuildFile; fileRef = F1D782B11AF423A100C65A02 /* ChallengeViewController.swift */; };
		F1D782B41AF423BF00C65A02 /* YouWonViewController.swift in Sources */ = {isa = PBXBuildFile; fileRef = F1D782B31AF423BF00C65A02 /* YouWonViewController.swift */; };
		F1D782B61AF43F8B00C65A02 /* Challenge.swift in Sources */ = {isa = PBXBuildFile; fileRef = F1D782B51AF43F8B00C65A02 /* Challenge.swift */; };
		F1EDD7541ADDF32D009FC90E /* System.swift in Sources */ = {isa = PBXBuildFile; fileRef = F1EDD7531ADDF32D009FC90E /* System.swift */; };
		F1EDD7581ADDF3ED009FC90E /* Student.swift in Sources */ = {isa = PBXBuildFile; fileRef = F1EDD7571ADDF3ED009FC90E /* Student.swift */; };
/* End PBXBuildFile section */

/* Begin PBXContainerItemProxy section */
		F17121321ADB601D00A5F7D2 /* PBXContainerItemProxy */ = {
			isa = PBXContainerItemProxy;
			containerPortal = F17121141ADB601D00A5F7D2 /* Project object */;
			proxyType = 1;
			remoteGlobalIDString = F171211B1ADB601D00A5F7D2;
			remoteInfo = "Class-ification";
		};
/* End PBXContainerItemProxy section */

/* Begin PBXCopyFilesBuildPhase section */
		F14728D41ADE1B9900FB6620 /* Embed Frameworks */ = {
			isa = PBXCopyFilesBuildPhase;
			buildActionMask = 2147483647;
			dstPath = "";
			dstSubfolderSpec = 10;
			files = (
			);
			name = "Embed Frameworks";
			runOnlyForDeploymentPostprocessing = 0;
		};
/* End PBXCopyFilesBuildPhase section */

/* Begin PBXFileReference section */
		031F1D9F7575A15AE0A33221 /* libPods-Class-ification.a */ = {isa = PBXFileReference; explicitFileType = archive.ar; includeInIndex = 0; path = "libPods-Class-ification.a"; sourceTree = BUILT_PRODUCTS_DIR; };
		2AF9B035C947F1EAE5AD197C /* Pods-Class-ification.release.xcconfig */ = {isa = PBXFileReference; includeInIndex = 1; lastKnownFileType = text.xcconfig; name = "Pods-Class-ification.release.xcconfig"; path = "Pods/Target Support Files/Pods-Class-ification/Pods-Class-ification.release.xcconfig"; sourceTree = "<group>"; };
		BDA285FCCF192C7FD0F9D303 /* Pods-Class-ification.debug.xcconfig */ = {isa = PBXFileReference; includeInIndex = 1; lastKnownFileType = text.xcconfig; name = "Pods-Class-ification.debug.xcconfig"; path = "Pods/Target Support Files/Pods-Class-ification/Pods-Class-ification.debug.xcconfig"; sourceTree = "<group>"; };
		F151A59E1AF3F38700D1307B /* CoreGraphics.framework */ = {isa = PBXFileReference; lastKnownFileType = wrapper.framework; name = CoreGraphics.framework; path = System/Library/Frameworks/CoreGraphics.framework; sourceTree = SDKROOT; };
		F151A5A01AF3F39000D1307B /* UIKit.framework */ = {isa = PBXFileReference; lastKnownFileType = wrapper.framework; name = UIKit.framework; path = System/Library/Frameworks/UIKit.framework; sourceTree = SDKROOT; };
		F151A5A21AF3F39800D1307B /* Foundation.framework */ = {isa = PBXFileReference; lastKnownFileType = wrapper.framework; name = Foundation.framework; path = System/Library/Frameworks/Foundation.framework; sourceTree = SDKROOT; };
		F151A5DB1AF3FCFF00D1307B /* HomePageViewController.swift */ = {isa = PBXFileReference; fileEncoding = 4; lastKnownFileType = sourcecode.swift; path = HomePageViewController.swift; sourceTree = "<group>"; };
		F151A5DD1AF40AC400D1307B /* PrizesViewController.swift */ = {isa = PBXFileReference; fileEncoding = 4; lastKnownFileType = sourcecode.swift; path = PrizesViewController.swift; sourceTree = "<group>"; };
		F151A5DF1AF40BB900D1307B /* Prize.swift */ = {isa = PBXFileReference; fileEncoding = 4; lastKnownFileType = sourcecode.swift; path = Prize.swift; sourceTree = "<group>"; };
		F15967841AF5382A0022A2B5 /* QuestionViewController.swift */ = {isa = PBXFileReference; fileEncoding = 4; lastKnownFileType = sourcecode.swift; path = QuestionViewController.swift; sourceTree = "<group>"; };
		F161891A1AF9910100BE6A01 /* CircularTimer.h */ = {isa = PBXFileReference; fileEncoding = 4; lastKnownFileType = sourcecode.c.h; path = CircularTimer.h; sourceTree = "<group>"; };
		F161891B1AF9910100BE6A01 /* CircularTimer.m */ = {isa = PBXFileReference; fileEncoding = 4; lastKnownFileType = sourcecode.c.objc; path = CircularTimer.m; sourceTree = "<group>"; };
		F161891E1AF9996800BE6A01 /* MultipleChoiceAnswerTableViewCell.swift */ = {isa = PBXFileReference; fileEncoding = 4; lastKnownFileType = sourcecode.swift; path = MultipleChoiceAnswerTableViewCell.swift; sourceTree = "<group>"; };
		F16189201AF99BF300BE6A01 /* Question.swift */ = {isa = PBXFileReference; fileEncoding = 4; lastKnownFileType = sourcecode.swift; path = Question.swift; sourceTree = "<group>"; };
		F171211C1ADB601D00A5F7D2 /* Class-ification.app */ = {isa = PBXFileReference; explicitFileType = wrapper.application; includeInIndex = 0; path = "Class-ification.app"; sourceTree = BUILT_PRODUCTS_DIR; };
		F17121201ADB601D00A5F7D2 /* Info.plist */ = {isa = PBXFileReference; lastKnownFileType = text.plist.xml; path = Info.plist; sourceTree = "<group>"; };
		F17121211ADB601D00A5F7D2 /* AppDelegate.swift */ = {isa = PBXFileReference; lastKnownFileType = sourcecode.swift; path = AppDelegate.swift; sourceTree = "<group>"; };
		F17121231ADB601D00A5F7D2 /* StandingsViewController.swift */ = {isa = PBXFileReference; lastKnownFileType = sourcecode.swift; path = StandingsViewController.swift; sourceTree = "<group>"; };
		F17121261ADB601D00A5F7D2 /* Base */ = {isa = PBXFileReference; lastKnownFileType = file.storyboard; name = Base; path = Base.lproj/Main.storyboard; sourceTree = "<group>"; };
		F17121281ADB601D00A5F7D2 /* Images.xcassets */ = {isa = PBXFileReference; lastKnownFileType = folder.assetcatalog; path = Images.xcassets; sourceTree = "<group>"; };
		F171212B1ADB601D00A5F7D2 /* Base */ = {isa = PBXFileReference; lastKnownFileType = file.xib; name = Base; path = Base.lproj/LaunchScreen.xib; sourceTree = "<group>"; };
		F17121311ADB601D00A5F7D2 /* Class-ificationTests.xctest */ = {isa = PBXFileReference; explicitFileType = wrapper.cfbundle; includeInIndex = 0; path = "Class-ificationTests.xctest"; sourceTree = BUILT_PRODUCTS_DIR; };
		F17121361ADB601D00A5F7D2 /* Info.plist */ = {isa = PBXFileReference; lastKnownFileType = text.plist.xml; path = Info.plist; sourceTree = "<group>"; };
		F17121371ADB601D00A5F7D2 /* Class_ificationTests.swift */ = {isa = PBXFileReference; lastKnownFileType = sourcecode.swift; path = Class_ificationTests.swift; sourceTree = "<group>"; };
		F1D782B11AF423A100C65A02 /* ChallengeViewController.swift */ = {isa = PBXFileReference; fileEncoding = 4; lastKnownFileType = sourcecode.swift; path = ChallengeViewController.swift; sourceTree = "<group>"; };
		F1D782B31AF423BF00C65A02 /* YouWonViewController.swift */ = {isa = PBXFileReference; fileEncoding = 4; lastKnownFileType = sourcecode.swift; path = YouWonViewController.swift; sourceTree = "<group>"; };
		F1D782B51AF43F8B00C65A02 /* Challenge.swift */ = {isa = PBXFileReference; fileEncoding = 4; lastKnownFileType = sourcecode.swift; path = Challenge.swift; sourceTree = "<group>"; };
		F1EDD7521ADB64B6009FC90E /* Bridging-Header.h */ = {isa = PBXFileReference; lastKnownFileType = sourcecode.c.h; path = "Bridging-Header.h"; sourceTree = "<group>"; };
		F1EDD7531ADDF32D009FC90E /* System.swift */ = {isa = PBXFileReference; fileEncoding = 4; lastKnownFileType = sourcecode.swift; path = System.swift; sourceTree = "<group>"; };
		F1EDD7571ADDF3ED009FC90E /* Student.swift */ = {isa = PBXFileReference; fileEncoding = 4; lastKnownFileType = sourcecode.swift; path = Student.swift; sourceTree = "<group>"; };
/* End PBXFileReference section */

/* Begin PBXFrameworksBuildPhase section */
		F17121191ADB601D00A5F7D2 /* Frameworks */ = {
			isa = PBXFrameworksBuildPhase;
			buildActionMask = 2147483647;
			files = (
				F151A5A31AF3F39800D1307B /* Foundation.framework in Frameworks */,
				F151A5A11AF3F39000D1307B /* UIKit.framework in Frameworks */,
				F151A59F1AF3F38700D1307B /* CoreGraphics.framework in Frameworks */,
				5475895CBF413626175224CE /* libPods-Class-ification.a in Frameworks */,
			);
			runOnlyForDeploymentPostprocessing = 0;
		};
		F171212E1ADB601D00A5F7D2 /* Frameworks */ = {
			isa = PBXFrameworksBuildPhase;
			buildActionMask = 2147483647;
			files = (
			);
			runOnlyForDeploymentPostprocessing = 0;
		};
/* End PBXFrameworksBuildPhase section */

/* Begin PBXGroup section */
		52454652A6B4024801A3FD6E /* Pods */ = {
			isa = PBXGroup;
			children = (
				BDA285FCCF192C7FD0F9D303 /* Pods-Class-ification.debug.xcconfig */,
				2AF9B035C947F1EAE5AD197C /* Pods-Class-ification.release.xcconfig */,
			);
			name = Pods;
			sourceTree = "<group>";
		};
		54B67B199E1DFA72C9E3DB44 /* Frameworks */ = {
			isa = PBXGroup;
			children = (
				F161891A1AF9910100BE6A01 /* CircularTimer.h */,
				F161891B1AF9910100BE6A01 /* CircularTimer.m */,
				F151A5A21AF3F39800D1307B /* Foundation.framework */,
				F151A5A01AF3F39000D1307B /* UIKit.framework */,
				F151A59E1AF3F38700D1307B /* CoreGraphics.framework */,
				031F1D9F7575A15AE0A33221 /* libPods-Class-ification.a */,
			);
			name = Frameworks;
			sourceTree = "<group>";
		};
		F161891D1AF9992D00BE6A01 /* Views */ = {
			isa = PBXGroup;
			children = (
				F161891E1AF9996800BE6A01 /* MultipleChoiceAnswerTableViewCell.swift */,
			);
			name = Views;
			sourceTree = "<group>";
		};
		F17121131ADB601D00A5F7D2 = {
			isa = PBXGroup;
			children = (
				F171211E1ADB601D00A5F7D2 /* Class-ification */,
				F17121341ADB601D00A5F7D2 /* Class-ificationTests */,
				F171211D1ADB601D00A5F7D2 /* Products */,
				52454652A6B4024801A3FD6E /* Pods */,
				54B67B199E1DFA72C9E3DB44 /* Frameworks */,
			);
			sourceTree = "<group>";
		};
		F171211D1ADB601D00A5F7D2 /* Products */ = {
			isa = PBXGroup;
			children = (
				F171211C1ADB601D00A5F7D2 /* Class-ification.app */,
				F17121311ADB601D00A5F7D2 /* Class-ificationTests.xctest */,
			);
			name = Products;
			sourceTree = "<group>";
		};
		F171211E1ADB601D00A5F7D2 /* Class-ification */ = {
			isa = PBXGroup;
			children = (
				F1EDD7521ADB64B6009FC90E /* Bridging-Header.h */,
				F1EDD7551ADDF336009FC90E /* Model */,
				F1EDD7561ADDF345009FC90E /* Controllers */,
				F161891D1AF9992D00BE6A01 /* Views */,
				F17121211ADB601D00A5F7D2 /* AppDelegate.swift */,
				F17121251ADB601D00A5F7D2 /* Main.storyboard */,
				F17121281ADB601D00A5F7D2 /* Images.xcassets */,
				F171212A1ADB601D00A5F7D2 /* LaunchScreen.xib */,
				F171211F1ADB601D00A5F7D2 /* Supporting Files */,
			);
			path = "Class-ification";
			sourceTree = "<group>";
		};
		F171211F1ADB601D00A5F7D2 /* Supporting Files */ = {
			isa = PBXGroup;
			children = (
				F17121201ADB601D00A5F7D2 /* Info.plist */,
			);
			name = "Supporting Files";
			sourceTree = "<group>";
		};
		F17121341ADB601D00A5F7D2 /* Class-ificationTests */ = {
			isa = PBXGroup;
			children = (
				F17121371ADB601D00A5F7D2 /* Class_ificationTests.swift */,
				F17121351ADB601D00A5F7D2 /* Supporting Files */,
			);
			path = "Class-ificationTests";
			sourceTree = "<group>";
		};
		F17121351ADB601D00A5F7D2 /* Supporting Files */ = {
			isa = PBXGroup;
			children = (
				F17121361ADB601D00A5F7D2 /* Info.plist */,
			);
			name = "Supporting Files";
			sourceTree = "<group>";
		};
		F1EDD7551ADDF336009FC90E /* Model */ = {
			isa = PBXGroup;
			children = (
				F1EDD7531ADDF32D009FC90E /* System.swift */,
				F1EDD7571ADDF3ED009FC90E /* Student.swift */,
				F151A5DF1AF40BB900D1307B /* Prize.swift */,
				F1D782B51AF43F8B00C65A02 /* Challenge.swift */,
				F16189201AF99BF300BE6A01 /* Question.swift */,
			);
			name = Model;
			sourceTree = "<group>";
		};
		F1EDD7561ADDF345009FC90E /* Controllers */ = {
			isa = PBXGroup;
			children = (
				F17121231ADB601D00A5F7D2 /* StandingsViewController.swift */,
				F151A5DB1AF3FCFF00D1307B /* HomePageViewController.swift */,
				F151A5DD1AF40AC400D1307B /* PrizesViewController.swift */,
				F1D782B11AF423A100C65A02 /* ChallengeViewController.swift */,
				F1D782B31AF423BF00C65A02 /* YouWonViewController.swift */,
				F15967841AF5382A0022A2B5 /* QuestionViewController.swift */,
			);
			name = Controllers;
			sourceTree = "<group>";
		};
/* End PBXGroup section */

/* Begin PBXNativeTarget section */
		F171211B1ADB601D00A5F7D2 /* Class-ification */ = {
			isa = PBXNativeTarget;
			buildConfigurationList = F171213B1ADB601D00A5F7D2 /* Build configuration list for PBXNativeTarget "Class-ification" */;
			buildPhases = (
				B4E003B8E626C83A37770A3A /* Check Pods Manifest.lock */,
				F17121181ADB601D00A5F7D2 /* Sources */,
				F17121191ADB601D00A5F7D2 /* Frameworks */,
				F171211A1ADB601D00A5F7D2 /* Resources */,
				F14728D41ADE1B9900FB6620 /* Embed Frameworks */,
				C97E1B3DDBEBB1243564C586 /* Copy Pods Resources */,
			);
			buildRules = (
			);
			dependencies = (
			);
			name = "Class-ification";
			productName = "Class-ification";
			productReference = F171211C1ADB601D00A5F7D2 /* Class-ification.app */;
			productType = "com.apple.product-type.application";
		};
		F17121301ADB601D00A5F7D2 /* Class-ificationTests */ = {
			isa = PBXNativeTarget;
			buildConfigurationList = F171213E1ADB601D00A5F7D2 /* Build configuration list for PBXNativeTarget "Class-ificationTests" */;
			buildPhases = (
				F171212D1ADB601D00A5F7D2 /* Sources */,
				F171212E1ADB601D00A5F7D2 /* Frameworks */,
				F171212F1ADB601D00A5F7D2 /* Resources */,
			);
			buildRules = (
			);
			dependencies = (
				F17121331ADB601D00A5F7D2 /* PBXTargetDependency */,
			);
			name = "Class-ificationTests";
			productName = "Class-ificationTests";
			productReference = F17121311ADB601D00A5F7D2 /* Class-ificationTests.xctest */;
			productType = "com.apple.product-type.bundle.unit-test";
		};
/* End PBXNativeTarget section */

/* Begin PBXProject section */
		F17121141ADB601D00A5F7D2 /* Project object */ = {
			isa = PBXProject;
			attributes = {
				LastUpgradeCheck = 0630;
				ORGANIZATIONNAME = diegomontoyas;
				TargetAttributes = {
					F171211B1ADB601D00A5F7D2 = {
						CreatedOnToolsVersion = 6.3;
						DevelopmentTeam = 29G7CN67XL;
					};
					F17121301ADB601D00A5F7D2 = {
						CreatedOnToolsVersion = 6.3;
						TestTargetID = F171211B1ADB601D00A5F7D2;
					};
				};
			};
			buildConfigurationList = F17121171ADB601D00A5F7D2 /* Build configuration list for PBXProject "Class-ification" */;
			compatibilityVersion = "Xcode 3.2";
			developmentRegion = English;
			hasScannedForEncodings = 0;
			knownRegions = (
				en,
				Base,
			);
			mainGroup = F17121131ADB601D00A5F7D2;
			productRefGroup = F171211D1ADB601D00A5F7D2 /* Products */;
			projectDirPath = "";
			projectRoot = "";
			targets = (
				F171211B1ADB601D00A5F7D2 /* Class-ification */,
				F17121301ADB601D00A5F7D2 /* Class-ificationTests */,
			);
		};
/* End PBXProject section */

/* Begin PBXResourcesBuildPhase section */
		F171211A1ADB601D00A5F7D2 /* Resources */ = {
			isa = PBXResourcesBuildPhase;
			buildActionMask = 2147483647;
			files = (
				F17121271ADB601D00A5F7D2 /* Main.storyboard in Resources */,
				F171212C1ADB601D00A5F7D2 /* LaunchScreen.xib in Resources */,
				F17121291ADB601D00A5F7D2 /* Images.xcassets in Resources */,
			);
			runOnlyForDeploymentPostprocessing = 0;
		};
		F171212F1ADB601D00A5F7D2 /* Resources */ = {
			isa = PBXResourcesBuildPhase;
			buildActionMask = 2147483647;
			files = (
			);
			runOnlyForDeploymentPostprocessing = 0;
		};
/* End PBXResourcesBuildPhase section */

/* Begin PBXShellScriptBuildPhase section */
		B4E003B8E626C83A37770A3A /* Check Pods Manifest.lock */ = {
			isa = PBXShellScriptBuildPhase;
			buildActionMask = 2147483647;
			files = (
			);
			inputPaths = (
			);
			name = "Check Pods Manifest.lock";
			outputPaths = (
			);
			runOnlyForDeploymentPostprocessing = 0;
			shellPath = /bin/sh;
			shellScript = "diff \"${PODS_ROOT}/../Podfile.lock\" \"${PODS_ROOT}/Manifest.lock\" > /dev/null\nif [[ $? != 0 ]] ; then\n    cat << EOM\nerror: The sandbox is not in sync with the Podfile.lock. Run 'pod install' or update your CocoaPods installation.\nEOM\n    exit 1\nfi\n";
			showEnvVarsInLog = 0;
		};
		C97E1B3DDBEBB1243564C586 /* Copy Pods Resources */ = {
			isa = PBXShellScriptBuildPhase;
			buildActionMask = 2147483647;
			files = (
			);
			inputPaths = (
			);
			name = "Copy Pods Resources";
			outputPaths = (
			);
			runOnlyForDeploymentPostprocessing = 0;
			shellPath = /bin/sh;
			shellScript = "\"${SRCROOT}/Pods/Target Support Files/Pods-Class-ification/Pods-Class-ification-resources.sh\"\n";
			showEnvVarsInLog = 0;
		};
/* End PBXShellScriptBuildPhase section */

/* Begin PBXSourcesBuildPhase section */
		F17121181ADB601D00A5F7D2 /* Sources */ = {
			isa = PBXSourcesBuildPhase;
			buildActionMask = 2147483647;
			files = (
				F161891F1AF9996800BE6A01 /* MultipleChoiceAnswerTableViewCell.swift in Sources */,
				F161891C1AF9910100BE6A01 /* CircularTimer.m in Sources */,
				F17121241ADB601D00A5F7D2 /* StandingsViewController.swift in Sources */,
				F151A5DE1AF40AC400D1307B /* PrizesViewController.swift in Sources */,
				F1D782B41AF423BF00C65A02 /* YouWonViewController.swift in Sources */,
				F16189211AF99BF300BE6A01 /* Question.swift in Sources */,
				F1D782B21AF423A100C65A02 /* ChallengeViewController.swift in Sources */,
				F1EDD7541ADDF32D009FC90E /* System.swift in Sources */,
				F151A5E01AF40BB900D1307B /* Prize.swift in Sources */,
				F17121221ADB601D00A5F7D2 /* AppDelegate.swift in Sources */,
				F151A5DC1AF3FCFF00D1307B /* HomePageViewController.swift in Sources */,
				F1EDD7581ADDF3ED009FC90E /* Student.swift in Sources */,
				F1D782B61AF43F8B00C65A02 /* Challenge.swift in Sources */,
				F15967851AF5382A0022A2B5 /* QuestionViewController.swift in Sources */,
			);
			runOnlyForDeploymentPostprocessing = 0;
		};
		F171212D1ADB601D00A5F7D2 /* Sources */ = {
			isa = PBXSourcesBuildPhase;
			buildActionMask = 2147483647;
			files = (
				F17121381ADB601D00A5F7D2 /* Class_ificationTests.swift in Sources */,
			);
			runOnlyForDeploymentPostprocessing = 0;
		};
/* End PBXSourcesBuildPhase section */

/* Begin PBXTargetDependency section */
		F17121331ADB601D00A5F7D2 /* PBXTargetDependency */ = {
			isa = PBXTargetDependency;
			target = F171211B1ADB601D00A5F7D2 /* Class-ification */;
			targetProxy = F17121321ADB601D00A5F7D2 /* PBXContainerItemProxy */;
		};
/* End PBXTargetDependency section */

/* Begin PBXVariantGroup section */
		F17121251ADB601D00A5F7D2 /* Main.storyboard */ = {
			isa = PBXVariantGroup;
			children = (
				F17121261ADB601D00A5F7D2 /* Base */,
			);
			name = Main.storyboard;
			sourceTree = "<group>";
		};
		F171212A1ADB601D00A5F7D2 /* LaunchScreen.xib */ = {
			isa = PBXVariantGroup;
			children = (
				F171212B1ADB601D00A5F7D2 /* Base */,
			);
			name = LaunchScreen.xib;
			sourceTree = "<group>";
		};
/* End PBXVariantGroup section */

/* Begin XCBuildConfiguration section */
		F17121391ADB601D00A5F7D2 /* Debug */ = {
			isa = XCBuildConfiguration;
			buildSettings = {
				ALWAYS_SEARCH_USER_PATHS = NO;
				CLANG_CXX_LANGUAGE_STANDARD = "gnu++0x";
				CLANG_CXX_LIBRARY = "libc++";
				CLANG_ENABLE_MODULES = YES;
				CLANG_ENABLE_OBJC_ARC = YES;
				CLANG_WARN_BOOL_CONVERSION = YES;
				CLANG_WARN_CONSTANT_CONVERSION = YES;
				CLANG_WARN_DIRECT_OBJC_ISA_USAGE = YES_ERROR;
				CLANG_WARN_EMPTY_BODY = YES;
				CLANG_WARN_ENUM_CONVERSION = YES;
				CLANG_WARN_INT_CONVERSION = YES;
				CLANG_WARN_OBJC_ROOT_CLASS = YES_ERROR;
				CLANG_WARN_UNREACHABLE_CODE = YES;
				CLANG_WARN__DUPLICATE_METHOD_MATCH = YES;
				"CODE_SIGN_IDENTITY[sdk=iphoneos*]" = "iPhone Developer";
				COPY_PHASE_STRIP = NO;
				DEBUG_INFORMATION_FORMAT = "dwarf-with-dsym";
				ENABLE_STRICT_OBJC_MSGSEND = YES;
				GCC_C_LANGUAGE_STANDARD = gnu99;
				GCC_DYNAMIC_NO_PIC = NO;
				GCC_NO_COMMON_BLOCKS = YES;
				GCC_OPTIMIZATION_LEVEL = 0;
				GCC_PREPROCESSOR_DEFINITIONS = (
					"DEBUG=1",
					"$(inherited)",
				);
				GCC_SYMBOLS_PRIVATE_EXTERN = NO;
				GCC_WARN_64_TO_32_BIT_CONVERSION = YES;
				GCC_WARN_ABOUT_RETURN_TYPE = YES_ERROR;
				GCC_WARN_UNDECLARED_SELECTOR = YES;
				GCC_WARN_UNINITIALIZED_AUTOS = YES_AGGRESSIVE;
				GCC_WARN_UNUSED_FUNCTION = YES;
				GCC_WARN_UNUSED_VARIABLE = YES;
				IPHONEOS_DEPLOYMENT_TARGET = 8.3;
				MTL_ENABLE_DEBUG_INFO = YES;
				ONLY_ACTIVE_ARCH = YES;
				SDKROOT = iphoneos;
				SWIFT_OPTIMIZATION_LEVEL = "-Onone";
			};
			name = Debug;
		};
		F171213A1ADB601D00A5F7D2 /* Release */ = {
			isa = XCBuildConfiguration;
			buildSettings = {
				ALWAYS_SEARCH_USER_PATHS = NO;
				CLANG_CXX_LANGUAGE_STANDARD = "gnu++0x";
				CLANG_CXX_LIBRARY = "libc++";
				CLANG_ENABLE_MODULES = YES;
				CLANG_ENABLE_OBJC_ARC = YES;
				CLANG_WARN_BOOL_CONVERSION = YES;
				CLANG_WARN_CONSTANT_CONVERSION = YES;
				CLANG_WARN_DIRECT_OBJC_ISA_USAGE = YES_ERROR;
				CLANG_WARN_EMPTY_BODY = YES;
				CLANG_WARN_ENUM_CONVERSION = YES;
				CLANG_WARN_INT_CONVERSION = YES;
				CLANG_WARN_OBJC_ROOT_CLASS = YES_ERROR;
				CLANG_WARN_UNREACHABLE_CODE = YES;
				CLANG_WARN__DUPLICATE_METHOD_MATCH = YES;
				"CODE_SIGN_IDENTITY[sdk=iphoneos*]" = "iPhone Developer";
				COPY_PHASE_STRIP = NO;
				DEBUG_INFORMATION_FORMAT = "dwarf-with-dsym";
				ENABLE_NS_ASSERTIONS = NO;
				ENABLE_STRICT_OBJC_MSGSEND = YES;
				GCC_C_LANGUAGE_STANDARD = gnu99;
				GCC_NO_COMMON_BLOCKS = YES;
				GCC_WARN_64_TO_32_BIT_CONVERSION = YES;
				GCC_WARN_ABOUT_RETURN_TYPE = YES_ERROR;
				GCC_WARN_UNDECLARED_SELECTOR = YES;
				GCC_WARN_UNINITIALIZED_AUTOS = YES_AGGRESSIVE;
				GCC_WARN_UNUSED_FUNCTION = YES;
				GCC_WARN_UNUSED_VARIABLE = YES;
				IPHONEOS_DEPLOYMENT_TARGET = 8.3;
				MTL_ENABLE_DEBUG_INFO = NO;
				SDKROOT = iphoneos;
				VALIDATE_PRODUCT = YES;
			};
			name = Release;
		};
		F171213C1ADB601D00A5F7D2 /* Debug */ = {
			isa = XCBuildConfiguration;
			baseConfigurationReference = BDA285FCCF192C7FD0F9D303 /* Pods-Class-ification.debug.xcconfig */;
			buildSettings = {
				ASSETCATALOG_COMPILER_APPICON_NAME = AppIcon;
				CODE_SIGN_IDENTITY = "iPhone Developer";
				INFOPLIST_FILE = "Class-ification/Info.plist";
				LD_RUNPATH_SEARCH_PATHS = "$(inherited) @executable_path/Frameworks";
				PRODUCT_NAME = "$(TARGET_NAME)";
				SWIFT_OBJC_BRIDGING_HEADER = "Class-ification/Bridging-Header.h";
			};
			name = Debug;
		};
		F171213D1ADB601D00A5F7D2 /* Release */ = {
			isa = XCBuildConfiguration;
			baseConfigurationReference = 2AF9B035C947F1EAE5AD197C /* Pods-Class-ification.release.xcconfig */;
			buildSettings = {
				ASSETCATALOG_COMPILER_APPICON_NAME = AppIcon;
				CODE_SIGN_IDENTITY = "iPhone Developer";
				INFOPLIST_FILE = "Class-ification/Info.plist";
				LD_RUNPATH_SEARCH_PATHS = "$(inherited) @executable_path/Frameworks";
				PRODUCT_NAME = "$(TARGET_NAME)";
				SWIFT_OBJC_BRIDGING_HEADER = "Class-ification/Bridging-Header.h";
			};
			name = Release;
		};
		F171213F1ADB601D00A5F7D2 /* Debug */ = {
			isa = XCBuildConfiguration;
			buildSettings = {
				BUNDLE_LOADER = "$(TEST_HOST)";
				FRAMEWORK_SEARCH_PATHS = (
					"$(SDKROOT)/Developer/Library/Frameworks",
					"$(inherited)",
				);
				GCC_PREPROCESSOR_DEFINITIONS = (
					"DEBUG=1",
					"$(inherited)",
				);
				INFOPLIST_FILE = "Class-ificationTests/Info.plist";
				LD_RUNPATH_SEARCH_PATHS = "$(inherited) @executable_path/Frameworks @loader_path/Frameworks";
				PRODUCT_NAME = "$(TARGET_NAME)";
				TEST_HOST = "$(BUILT_PRODUCTS_DIR)/Class-ification.app/Class-ification";
			};
			name = Debug;
		};
		F17121401ADB601D00A5F7D2 /* Release */ = {
			isa = XCBuildConfiguration;
			buildSettings = {
				BUNDLE_LOADER = "$(TEST_HOST)";
				FRAMEWORK_SEARCH_PATHS = (
					"$(SDKROOT)/Developer/Library/Frameworks",
					"$(inherited)",
				);
				INFOPLIST_FILE = "Class-ificationTests/Info.plist";
				LD_RUNPATH_SEARCH_PATHS = "$(inherited) @executable_path/Frameworks @loader_path/Frameworks";
				PRODUCT_NAME = "$(TARGET_NAME)";
				TEST_HOST = "$(BUILT_PRODUCTS_DIR)/Class-ification.app/Class-ification";
			};
			name = Release;
		};
/* End XCBuildConfiguration section */

/* Begin XCConfigurationList section */
		F17121171ADB601D00A5F7D2 /* Build configuration list for PBXProject "Class-ification" */ = {
			isa = XCConfigurationList;
			buildConfigurations = (
				F17121391ADB601D00A5F7D2 /* Debug */,
				F171213A1ADB601D00A5F7D2 /* Release */,
			);
			defaultConfigurationIsVisible = 0;
			defaultConfigurationName = Release;
		};
		F171213B1ADB601D00A5F7D2 /* Build configuration list for PBXNativeTarget "Class-ification" */ = {
			isa = XCConfigurationList;
			buildConfigurations = (
				F171213C1ADB601D00A5F7D2 /* Debug */,
				F171213D1ADB601D00A5F7D2 /* Release */,
			);
			defaultConfigurationIsVisible = 0;
			defaultConfigurationName = Release;
		};
		F171213E1ADB601D00A5F7D2 /* Build configuration list for PBXNativeTarget "Class-ificationTests" */ = {
			isa = XCConfigurationList;
			buildConfigurations = (
				F171213F1ADB601D00A5F7D2 /* Debug */,
				F17121401ADB601D00A5F7D2 /* Release */,
			);
			defaultConfigurationIsVisible = 0;
			defaultConfigurationName = Release;
		};
/* End XCConfigurationList section */
	};
	rootObject = F17121141ADB601D00A5F7D2 /* Project object */;
}
